// !$*UTF8*$!
{
	archiveVersion = 1;
	classes = {
	};
	objectVersion = 46;
	objects = {

/* Begin PBXBuildFile section */
		AFC3919C16BF9F3F00967B09 /* UIKit.framework in Frameworks */ = {isa = PBXBuildFile; fileRef = AFC3919B16BF9F3F00967B09 /* UIKit.framework */; };
		AFC3919E16BF9F3F00967B09 /* Foundation.framework in Frameworks */ = {isa = PBXBuildFile; fileRef = AFC3919D16BF9F3F00967B09 /* Foundation.framework */; };
		AFC391A016BF9F3F00967B09 /* CoreGraphics.framework in Frameworks */ = {isa = PBXBuildFile; fileRef = AFC3919F16BF9F3F00967B09 /* CoreGraphics.framework */; };
		AFC391A616BF9F3F00967B09 /* InfoPlist.strings in Resources */ = {isa = PBXBuildFile; fileRef = AFC391A416BF9F3F00967B09 /* InfoPlist.strings */; };
		AFC391A816BF9F3F00967B09 /* main.m in Sources */ = {isa = PBXBuildFile; fileRef = AFC391A716BF9F3F00967B09 /* main.m */; };
		AFC391AC16BF9F3F00967B09 /* AppDelegate.m in Sources */ = {isa = PBXBuildFile; fileRef = AFC391AB16BF9F3F00967B09 /* AppDelegate.m */; };
		AFC391AE16BF9F3F00967B09 /* Default.png in Resources */ = {isa = PBXBuildFile; fileRef = AFC391AD16BF9F3F00967B09 /* Default.png */; };
		AFC391B016BF9F3F00967B09 /* Default@2x.png in Resources */ = {isa = PBXBuildFile; fileRef = AFC391AF16BF9F3F00967B09 /* Default@2x.png */; };
		AFC391B216BF9F3F00967B09 /* Default-568h@2x.png in Resources */ = {isa = PBXBuildFile; fileRef = AFC391B116BF9F3F00967B09 /* Default-568h@2x.png */; };
		AFC391B516BF9F3F00967B09 /* ViewController.m in Sources */ = {isa = PBXBuildFile; fileRef = AFC391B416BF9F3F00967B09 /* ViewController.m */; };
		AFC391B816BF9F4000967B09 /* ViewController.xib in Resources */ = {isa = PBXBuildFile; fileRef = AFC391B616BF9F4000967B09 /* ViewController.xib */; };
		AFC391BF16BF9F5800967B09 /* StoreKit.framework in Frameworks */ = {isa = PBXBuildFile; fileRef = AFC391BE16BF9F5800967B09 /* StoreKit.framework */; };
/* End PBXBuildFile section */

/* Begin PBXFileReference section */
		AFC3919816BF9F3F00967B09 /* OnAppStore.app */ = {isa = PBXFileReference; explicitFileType = wrapper.application; includeInIndex = 0; path = OnAppStore.app; sourceTree = BUILT_PRODUCTS_DIR; };
		AFC3919B16BF9F3F00967B09 /* UIKit.framework */ = {isa = PBXFileReference; lastKnownFileType = wrapper.framework; name = UIKit.framework; path = System/Library/Frameworks/UIKit.framework; sourceTree = SDKROOT; };
		AFC3919D16BF9F3F00967B09 /* Foundation.framework */ = {isa = PBXFileReference; lastKnownFileType = wrapper.framework; name = Foundation.framework; path = System/Library/Frameworks/Foundation.framework; sourceTree = SDKROOT; };
		AFC3919F16BF9F3F00967B09 /* CoreGraphics.framework */ = {isa = PBXFileReference; lastKnownFileType = wrapper.framework; name = CoreGraphics.framework; path = System/Library/Frameworks/CoreGraphics.framework; sourceTree = SDKROOT; };
		AFC391A316BF9F3F00967B09 /* OnAppStore-Info.plist */ = {isa = PBXFileReference; lastKnownFileType = text.plist.xml; path = "OnAppStore-Info.plist"; sourceTree = "<group>"; };
		AFC391A516BF9F3F00967B09 /* en */ = {isa = PBXFileReference; lastKnownFileType = text.plist.strings; name = en; path = en.lproj/InfoPlist.strings; sourceTree = "<group>"; };
		AFC391A716BF9F3F00967B09 /* main.m */ = {isa = PBXFileReference; lastKnownFileType = sourcecode.c.objc; path = main.m; sourceTree = "<group>"; };
		AFC391A916BF9F3F00967B09 /* OnAppStore-Prefix.pch */ = {isa = PBXFileReference; lastKnownFileType = sourcecode.c.h; path = "OnAppStore-Prefix.pch"; sourceTree = "<group>"; };
		AFC391AA16BF9F3F00967B09 /* AppDelegate.h */ = {isa = PBXFileReference; lastKnownFileType = sourcecode.c.h; path = AppDelegate.h; sourceTree = "<group>"; };
		AFC391AB16BF9F3F00967B09 /* AppDelegate.m */ = {isa = PBXFileReference; lastKnownFileType = sourcecode.c.objc; path = AppDelegate.m; sourceTree = "<group>"; };
		AFC391AD16BF9F3F00967B09 /* Default.png */ = {isa = PBXFileReference; lastKnownFileType = image.png; path = Default.png; sourceTree = "<group>"; };
		AFC391AF16BF9F3F00967B09 /* Default@2x.png */ = {isa = PBXFileReference; lastKnownFileType = image.png; path = "Default@2x.png"; sourceTree = "<group>"; };
		AFC391B116BF9F3F00967B09 /* Default-568h@2x.png */ = {isa = PBXFileReference; lastKnownFileType = image.png; path = "Default-568h@2x.png"; sourceTree = "<group>"; };
		AFC391B316BF9F3F00967B09 /* ViewController.h */ = {isa = PBXFileReference; lastKnownFileType = sourcecode.c.h; path = ViewController.h; sourceTree = "<group>"; };
		AFC391B416BF9F3F00967B09 /* ViewController.m */ = {isa = PBXFileReference; lastKnownFileType = sourcecode.c.objc; path = ViewController.m; sourceTree = "<group>"; };
		AFC391B716BF9F4000967B09 /* en */ = {isa = PBXFileReference; lastKnownFileType = file.xib; name = en; path = en.lproj/ViewController.xib; sourceTree = "<group>"; };
		AFC391BE16BF9F5800967B09 /* StoreKit.framework */ = {isa = PBXFileReference; lastKnownFileType = wrapper.framework; name = StoreKit.framework; path = System/Library/Frameworks/StoreKit.framework; sourceTree = SDKROOT; };
/* End PBXFileReference section */

/* Begin PBXFrameworksBuildPhase section */
		AFC3919516BF9F3F00967B09 /* Frameworks */ = {
			isa = PBXFrameworksBuildPhase;
			buildActionMask = 2147483647;
			files = (
				AFC391BF16BF9F5800967B09 /* StoreKit.framework in Frameworks */,
				AFC3919C16BF9F3F00967B09 /* UIKit.framework in Frameworks */,
				AFC3919E16BF9F3F00967B09 /* Foundation.framework in Frameworks */,
				AFC391A016BF9F3F00967B09 /* CoreGraphics.framework in Frameworks */,
			);
			runOnlyForDeploymentPostprocessing = 0;
		};
/* End PBXFrameworksBuildPhase section */

/* Begin PBXGroup section */
		AFC3918F16BF9F3F00967B09 = {
			isa = PBXGroup;
			children = (
				AFC391A116BF9F3F00967B09 /* OnAppStore */,
				AFC3919A16BF9F3F00967B09 /* Frameworks */,
				AFC3919916BF9F3F00967B09 /* Products */,
			);
			sourceTree = "<group>";
		};
		AFC3919916BF9F3F00967B09 /* Products */ = {
			isa = PBXGroup;
			children = (
				AFC3919816BF9F3F00967B09 /* OnAppStore.app */,
			);
			name = Products;
			sourceTree = "<group>";
		};
		AFC3919A16BF9F3F00967B09 /* Frameworks */ = {
			isa = PBXGroup;
			children = (
				AFC391BE16BF9F5800967B09 /* StoreKit.framework */,
				AFC3919B16BF9F3F00967B09 /* UIKit.framework */,
				AFC3919D16BF9F3F00967B09 /* Foundation.framework */,
				AFC3919F16BF9F3F00967B09 /* CoreGraphics.framework */,
			);
			name = Frameworks;
			sourceTree = "<group>";
		};
		AFC391A116BF9F3F00967B09 /* OnAppStore */ = {
			isa = PBXGroup;
			children = (
				AFC391AA16BF9F3F00967B09 /* AppDelegate.h */,
				AFC391AB16BF9F3F00967B09 /* AppDelegate.m */,
				AFC391B316BF9F3F00967B09 /* ViewController.h */,
				AFC391B416BF9F3F00967B09 /* ViewController.m */,
				AFC391B616BF9F4000967B09 /* ViewController.xib */,
				AFC391A216BF9F3F00967B09 /* Supporting Files */,
			);
			path = OnAppStore;
			sourceTree = "<group>";
		};
		AFC391A216BF9F3F00967B09 /* Supporting Files */ = {
			isa = PBXGroup;
			children = (
				AFC391A316BF9F3F00967B09 /* OnAppStore-Info.plist */,
				AFC391A416BF9F3F00967B09 /* InfoPlist.strings */,
				AFC391A716BF9F3F00967B09 /* main.m */,
				AFC391A916BF9F3F00967B09 /* OnAppStore-Prefix.pch */,
				AFC391AD16BF9F3F00967B09 /* Default.png */,
				AFC391AF16BF9F3F00967B09 /* Default@2x.png */,
				AFC391B116BF9F3F00967B09 /* Default-568h@2x.png */,
			);
			name = "Supporting Files";
			sourceTree = "<group>";
		};
/* End PBXGroup section */

/* Begin PBXNativeTarget section */
		AFC3919716BF9F3F00967B09 /* OnAppStore */ = {
			isa = PBXNativeTarget;
			buildConfigurationList = AFC391BB16BF9F4000967B09 /* Build configuration list for PBXNativeTarget "OnAppStore" */;
			buildPhases = (
				AFC3919416BF9F3F00967B09 /* Sources */,
				AFC3919516BF9F3F00967B09 /* Frameworks */,
				AFC3919616BF9F3F00967B09 /* Resources */,
			);
			buildRules = (
			);
			dependencies = (
			);
			name = OnAppStore;
			productName = OnAppStore;
			productReference = AFC3919816BF9F3F00967B09 /* OnAppStore.app */;
			productType = "com.apple.product-type.application";
		};
/* End PBXNativeTarget section */

/* Begin PBXProject section */
		AFC3919016BF9F3F00967B09 /* Project object */ = {
			isa = PBXProject;
			attributes = {
				LastUpgradeCheck = 0460;
				ORGANIZATIONNAME = "Pavel Gnatyuk";
			};
			buildConfigurationList = AFC3919316BF9F3F00967B09 /* Build configuration list for PBXProject "OnAppStore" */;
			compatibilityVersion = "Xcode 3.2";
			developmentRegion = English;
			hasScannedForEncodings = 0;
			knownRegions = (
				en,
			);
			mainGroup = AFC3918F16BF9F3F00967B09;
			productRefGroup = AFC3919916BF9F3F00967B09 /* Products */;
			projectDirPath = "";
			projectRoot = "";
			targets = (
				AFC3919716BF9F3F00967B09 /* OnAppStore */,
			);
		};
/* End PBXProject section */

/* Begin PBXResourcesBuildPhase section */
		AFC3919616BF9F3F00967B09 /* Resources */ = {
			isa = PBXResourcesBuildPhase;
			buildActionMask = 2147483647;
			files = (
				AFC391A616BF9F3F00967B09 /* InfoPlist.strings in Resources */,
				AFC391AE16BF9F3F00967B09 /* Default.png in Resources */,
				AFC391B016BF9F3F00967B09 /* Default@2x.png in Resources */,
				AFC391B216BF9F3F00967B09 /* Default-568h@2x.png in Resources */,
				AFC391B816BF9F4000967B09 /* ViewController.xib in Resources */,
			);
			runOnlyForDeploymentPostprocessing = 0;
		};
/* End PBXResourcesBuildPhase section */

/* Begin PBXSourcesBuildPhase section */
		AFC3919416BF9F3F00967B09 /* Sources */ = {
			isa = PBXSourcesBuildPhase;
			buildActionMask = 2147483647;
			files = (
				AFC391A816BF9F3F00967B09 /* main.m in Sources */,
				AFC391AC16BF9F3F00967B09 /* AppDelegate.m in Sources */,
				AFC391B516BF9F3F00967B09 /* ViewController.m in Sources */,
			);
			runOnlyForDeploymentPostprocessing = 0;
		};
/* End PBXSourcesBuildPhase section */

/* Begin PBXVariantGroup section */
		AFC391A416BF9F3F00967B09 /* InfoPlist.strings */ = {
			isa = PBXVariantGroup;
			children = (
				AFC391A516BF9F3F00967B09 /* en */,
			);
			name = InfoPlist.strings;
			sourceTree = "<group>";
		};
		AFC391B616BF9F4000967B09 /* ViewController.xib */ = {
			isa = PBXVariantGroup;
			children = (
				AFC391B716BF9F4000967B09 /* en */,
			);
			name = ViewController.xib;
			sourceTree = "<group>";
		};
/* End PBXVariantGroup section */

/* Begin XCBuildConfiguration section */
		AFC391B916BF9F4000967B09 /* Debug */ = {
			isa = XCBuildConfiguration;
			buildSettings = {
				ALWAYS_SEARCH_USER_PATHS = NO;
				CLANG_CXX_LANGUAGE_STANDARD = "gnu++0x";
				CLANG_CXX_LIBRARY = "libc++";
				CLANG_WARN_CONSTANT_CONVERSION = YES;
				CLANG_WARN_EMPTY_BODY = YES;
				CLANG_WARN_ENUM_CONVERSION = YES;
				CLANG_WARN_INT_CONVERSION = YES;
				CLANG_WARN__DUPLICATE_METHOD_MATCH = YES;
				"CODE_SIGN_IDENTITY[sdk=iphoneos*]" = "iPhone Developer";
				COPY_PHASE_STRIP = NO;
				GCC_C_LANGUAGE_STANDARD = gnu99;
				GCC_DYNAMIC_NO_PIC = NO;
				GCC_OPTIMIZATION_LEVEL = 0;
				GCC_PREPROCESSOR_DEFINITIONS = (
					"DEBUG=1",
					"$(inherited)",
				);
				GCC_SYMBOLS_PRIVATE_EXTERN = NO;
				GCC_WARN_ABOUT_RETURN_TYPE = YES;
				GCC_WARN_UNINITIALIZED_AUTOS = YES;
				GCC_WARN_UNUSED_VARIABLE = YES;
				IPHONEOS_DEPLOYMENT_TARGET = 6.1;
				ONLY_ACTIVE_ARCH = YES;
				SDKROOT = iphoneos;
			};
			name = Debug;
		};
		AFC391BA16BF9F4000967B09 /* Release */ = {
			isa = XCBuildConfiguration;
			buildSettings = {
				ALWAYS_SEARCH_USER_PATHS = NO;
				CLANG_CXX_LANGUAGE_STANDARD = "gnu++0x";
				CLANG_CXX_LIBRARY = "libc++";
				CLANG_WARN_CONSTANT_CONVERSION = YES;
				CLANG_WARN_EMPTY_BODY = YES;
				CLANG_WARN_ENUM_CONVERSION = YES;
				CLANG_WARN_INT_CONVERSION = YES;
				CLANG_WARN__DUPLICATE_METHOD_MATCH = YES;
				"CODE_SIGN_IDENTITY[sdk=iphoneos*]" = "iPhone Developer";
				COPY_PHASE_STRIP = YES;
				GCC_C_LANGUAGE_STANDARD = gnu99;
				GCC_WARN_ABOUT_RETURN_TYPE = YES;
				GCC_WARN_UNINITIALIZED_AUTOS = YES;
				GCC_WARN_UNUSED_VARIABLE = YES;
				IPHONEOS_DEPLOYMENT_TARGET = 6.1;
				OTHER_CFLAGS = "-DNS_BLOCK_ASSERTIONS=1";
				SDKROOT = iphoneos;
				VALIDATE_PRODUCT = YES;
			};
			name = Release;
		};
		AFC391BC16BF9F4000967B09 /* Debug */ = {
			isa = XCBuildConfiguration;
			buildSettings = {
				CODE_SIGN_IDENTITY = "iPhone Developer: Pavel Gnatyuk (X6EDYMWD4L)";
				GCC_PRECOMPILE_PREFIX_HEADER = YES;
				GCC_PREFIX_HEADER = "OnAppStore/OnAppStore-Prefix.pch";
				INFOPLIST_FILE = "OnAppStore/OnAppStore-Info.plist";
				PRODUCT_NAME = "$(TARGET_NAME)";
				PROVISIONING_PROFILE = "C27C63B4-9DDB-4467-B7B5-8F8145E4449A";
				WRAPPER_EXTENSION = app;
			};
			name = Debug;
		};
		AFC391BD16BF9F4000967B09 /* Release */ = {
			isa = XCBuildConfiguration;
			buildSettings = {
				CODE_SIGN_IDENTITY = "iPhone Developer: Pavel Gnatyuk (X6EDYMWD4L)";
				GCC_PRECOMPILE_PREFIX_HEADER = YES;
				GCC_PREFIX_HEADER = "OnAppStore/OnAppStore-Prefix.pch";
				INFOPLIST_FILE = "OnAppStore/OnAppStore-Info.plist";
				PRODUCT_NAME = "$(TARGET_NAME)";
				PROVISIONING_PROFILE = "C27C63B4-9DDB-4467-B7B5-8F8145E4449A";
				WRAPPER_EXTENSION = app;
			};
			name = Release;
		};
/* End XCBuildConfiguration section */

/* Begin XCConfigurationList section */
		AFC3919316BF9F3F00967B09 /* Build configuration list for PBXProject "OnAppStore" */ = {
			isa = XCConfigurationList;
			buildConfigurations = (
				AFC391B916BF9F4000967B09 /* Debug */,
				AFC391BA16BF9F4000967B09 /* Release */,
			);
			defaultConfigurationIsVisible = 0;
			defaultConfigurationName = Release;
		};
		AFC391BB16BF9F4000967B09 /* Build configuration list for PBXNativeTarget "OnAppStore" */ = {
			isa = XCConfigurationList;
			buildConfigurations = (
				AFC391BC16BF9F4000967B09 /* Debug */,
				AFC391BD16BF9F4000967B09 /* Release */,
			);
			defaultConfigurationIsVisible = 0;
			defaultConfigurationName = Release;
		};
/* End XCConfigurationList section */
	};
	rootObject = AFC3919016BF9F3F00967B09 /* Project object */;
}
